
Microsoft Visual Studio Solution File, Format Version 12.00
# Visual Studio Version 18
VisualStudioVersion = 18.6.11806.211 stable
MinimumVisualStudioVersion = 10.0.40219.1
Project("{FAE04EC0-301F-11D3-BF4B-00C04F79EFBC}") = "QuickGridDemo", "QuickGridDemo.csproj", "{8B3AFB7C-D25E-4FEA-8E84-A8FDD7AA10BB}"
EndProject
Global
	GlobalSection(SolutionConfigurationPlatforms) = preSolution
		Debug|Any CPU = Debug|Any CPU
		Release|Any CPU = Release|Any CPU
	EndGlobalSection
	GlobalSection(ProjectConfigurationPlatforms) = postSolution
		{8B3AFB7C-D25E-4FEA-8E84-A8FDD7AA10BB}.Debug|Any CPU.ActiveCfg = Debug|Any CPU
		{8B3AFB7C-D25E-4FEA-8E84-A8FDD7AA10BB}.Debug|Any CPU.Build.0 = Debug|Any CPU
		{8B3AFB7C-D25E-4FEA-8E84-A8FDD7AA10BB}.Release|Any CPU.ActiveCfg = Release|Any CPU
		{8B3AFB7C-D25E-4FEA-8E84-A8FDD7AA10BB}.Release|Any CPU.Build.0 = Release|Any CPU
	EndGlobalSection
	GlobalSection(SolutionProperties) = preSolution
		HideSolutionNode = FALSE
	EndGlobalSection
	GlobalSection(ExtensibilityGlobals) = postSolution
		SolutionGuid = {C2D7A38F-3664-4DDF-867E-9C7695C95469}
	EndGlobalSection
EndGlobal
